
Microsoft Visual Studio Solution File, Format Version 12.00
# Visual Studio 14
VisualStudioVersion = 14.0.25420.1
MinimumVisualStudioVersion = 10.0.40219.1
Project("{FAE04EC0-301F-11D3-BF4B-00C04F79EFBC}") = "demos", "demos\demos.csproj", "{488FEA07-A6D1-461E-9FF1-55127868F2E2}"
EndProject
Project("{FAE04EC0-301F-11D3-BF4B-00C04F79EFBC}") = "demos.Models", "demos.Models\demos.Models.csproj", "{CC337EBF-A37F-4F79-95BD-5312F79317BB}"
EndProject
Project("{FAE04EC0-301F-11D3-BF4B-00C04F79EFBC}") = "demos.Data", "demos.Data\demos.Data.csproj", "{EFFD0D8A-0C9F-4B8D-9E1E-4BE53C5D427A}"
EndProject
Project("{FAE04EC0-301F-11D3-BF4B-00C04F79EFBC}") = "demos.Services", "demos.Services\demos.Services.csproj", "{911AB86B-731E-46E7-A155-067885FD9FF7}"
EndProject
Global
	GlobalSection(SolutionConfigurationPlatforms) = preSolution
		Debug|Any CPU = Debug|Any CPU
		Release|Any CPU = Release|Any CPU
	EndGlobalSection
	GlobalSection(ProjectConfigurationPlatforms) = postSolution
		{488FEA07-A6D1-461E-9FF1-55127868F2E2}.Debug|Any CPU.ActiveCfg = Debug|Any CPU
		{488FEA07-A6D1-461E-9FF1-55127868F2E2}.Debug|Any CPU.Build.0 = Debug|Any CPU
		{488FEA07-A6D1-461E-9FF1-55127868F2E2}.Release|Any CPU.ActiveCfg = Release|Any CPU
		{488FEA07-A6D1-461E-9FF1-55127868F2E2}.Release|Any CPU.Build.0 = Release|Any CPU
		{CC337EBF-A37F-4F79-95BD-5312F79317BB}.Debug|Any CPU.ActiveCfg = Debug|Any CPU
		{CC337EBF-A37F-4F79-95BD-5312F79317BB}.Debug|Any CPU.Build.0 = Debug|Any CPU
		{CC337EBF-A37F-4F79-95BD-5312F79317BB}.Release|Any CPU.ActiveCfg = Release|Any CPU
		{CC337EBF-A37F-4F79-95BD-5312F79317BB}.Release|Any CPU.Build.0 = Release|Any CPU
		{EFFD0D8A-0C9F-4B8D-9E1E-4BE53C5D427A}.Debug|Any CPU.ActiveCfg = Debug|Any CPU
		{EFFD0D8A-0C9F-4B8D-9E1E-4BE53C5D427A}.Debug|Any CPU.Build.0 = Debug|Any CPU
		{EFFD0D8A-0C9F-4B8D-9E1E-4BE53C5D427A}.Release|Any CPU.ActiveCfg = Release|Any CPU
		{EFFD0D8A-0C9F-4B8D-9E1E-4BE53C5D427A}.Release|Any CPU.Build.0 = Release|Any CPU
		{911AB86B-731E-46E7-A155-067885FD9FF7}.Debug|Any CPU.ActiveCfg = Debug|Any CPU
		{911AB86B-731E-46E7-A155-067885FD9FF7}.Debug|Any CPU.Build.0 = Debug|Any CPU
		{911AB86B-731E-46E7-A155-067885FD9FF7}.Release|Any CPU.ActiveCfg = Release|Any CPU
		{911AB86B-731E-46E7-A155-067885FD9FF7}.Release|Any CPU.Build.0 = Release|Any CPU
	EndGlobalSection
	GlobalSection(SolutionProperties) = preSolution
		HideSolutionNode = FALSE
	EndGlobalSection
EndGlobal
